
Microsoft Visual Studio Solution File, Format Version 12.00
# Visual Studio Version 16
VisualStudioVersion = 16.0.30611.23
MinimumVisualStudioVersion = 10.0.40219.1
Project("{FAE04EC0-301F-11D3-BF4B-00C04F79EFBC}") = "www.intelligentpeople.ch", "www.intelligentpeople.ch.csproj", "{036E951A-DA03-49B1-A8F8-A4511523B8BD}"
EndProject
Global
	GlobalSection(SolutionConfigurationPlatforms) = preSolution
		Debug|Any CPU = Debug|Any CPU
		Release|Any CPU = Release|Any CPU
	EndGlobalSection
	GlobalSection(ProjectConfigurationPlatforms) = postSolution
		{036E951A-DA03-49B1-A8F8-A4511523B8BD}.Debug|Any CPU.ActiveCfg = Debug|Any CPU
		{036E951A-DA03-49B1-A8F8-A4511523B8BD}.Debug|Any CPU.Build.0 = Debug|Any CPU
		{036E951A-DA03-49B1-A8F8-A4511523B8BD}.Release|Any CPU.ActiveCfg = Release|Any CPU
		{036E951A-DA03-49B1-A8F8-A4511523B8BD}.Release|Any CPU.Build.0 = Release|Any CPU
	EndGlobalSection
	GlobalSection(SolutionProperties) = preSolution
		HideSolutionNode = FALSE
	EndGlobalSection
	GlobalSection(ExtensibilityGlobals) = postSolution
		SolutionGuid = {CDF0A7EF-3271-436A-A5CF-D97E0CB4AEE1}
	EndGlobalSection
EndGlobal
